version = 1
requires-python = ">=3.12"

[[package]]
name = "argparse-dataclass"
version = "2.0.0"
source = { registry = "https://pypi.org/simple" }
sdist = { url = "https://files.pythonhosted.org/packages/1a/ff/a2e4e328075ddef2ac3c9431eb12247e4ba707a70324894f1e6b4f43c286/argparse_dataclass-2.0.0.tar.gz", hash = "sha256:09ab641c914a2f12882337b9c3e5086196dbf2ee6bf0ef67895c74002cc9297f", size = 6395 }
wheels = [
    { url = "https://files.pythonhosted.org/packages/b3/66/e6c0a808950ba5a4042e2fcedd577fc7401536c7db063de4d7c36be06f84/argparse_dataclass-2.0.0-py3-none-any.whl", hash = "sha256:3ffc8852a88d9d98d1364b4441a712491320afb91fb56049afd8a51d74bb52d2", size = 8762 },
]

[[package]]
name = "configargparse"
version = "1.7"
source = { registry = "https://pypi.org/simple" }
sdist = { url = "https://files.pythonhosted.org/packages/70/8a/73f1008adfad01cb923255b924b1528727b8270e67cb4ef41eabdc7d783e/ConfigArgParse-1.7.tar.gz", hash = "sha256:e7067471884de5478c58a511e529f0f9bd1c66bfef1dea90935438d6c23306d1", size = 43817 }
wheels = [
    { url = "https://files.pythonhosted.org/packages/6f/b3/b4ac838711fd74a2b4e6f746703cf9dd2cf5462d17dac07e349234e21b97/ConfigArgParse-1.7-py3-none-any.whl", hash = "sha256:d249da6591465c6c26df64a9f73d2536e743be2f244eb3ebe61114af2f94f86b", size = 25489 },
]

[[package]]
name = "snakemake-interface-common"
version = "1.17.4"
source = { registry = "https://pypi.org/simple" }
dependencies = [
    { name = "argparse-dataclass" },
    { name = "configargparse" },
]
sdist = { url = "https://files.pythonhosted.org/packages/09/d4/dd2694226160c126e3ce2a27222088bde3ef07cd554d31d63398cc48f810/snakemake_interface_common-1.17.4.tar.gz", hash = "sha256:c2142e1b93cbc18c2cf41d15968ba8688f60b077c8284e5de057cccfc215d4d3", size = 9897 }
wheels = [
    { url = "https://files.pythonhosted.org/packages/3d/fe/c318657e6a4b8ab5b3eafa07cd1c360a732c6b37ba6085f3c82339ebbbdc/snakemake_interface_common-1.17.4-py3-none-any.whl", hash = "sha256:1d757cce0300a73d48b906d1ade38706853169320a5d27b963869888d130c354", size = 14011 },
]

[[package]]
name = "snakemake-interface-logger-plugins"
version = "0.1.0"
source = { editable = "." }
dependencies = [
    { name = "snakemake-interface-common" },
]

[package.metadata]
requires-dist = [{ name = "snakemake-interface-common", specifier = ">=1.17.4" }]
